
Microsoft Visual Studio Solution File, Format Version 12.00
# Visual Studio Version 17
VisualStudioVersion = 17.1.32210.238
MinimumVisualStudioVersion = 10.0.40219.1
Project("{FAE04EC0-301F-11D3-BF4B-00C04F79EFBC}") = "C-Sharp Test", "C-Sharp Test.csproj", "{C49DA7BF-85DB-48D0-AA20-DF8B2B6F0997}"
EndProject
Global
	GlobalSection(SolutionConfigurationPlatforms) = preSolution
		Debug|Any CPU = Debug|Any CPU
		Release|Any CPU = Release|Any CPU
	EndGlobalSection
	GlobalSection(ProjectConfigurationPlatforms) = postSolution
		{C49DA7BF-85DB-48D0-AA20-DF8B2B6F0997}.Debug|Any CPU.ActiveCfg = Debug|Any CPU
		{C49DA7BF-85DB-48D0-AA20-DF8B2B6F0997}.Debug|Any CPU.Build.0 = Debug|Any CPU
		{C49DA7BF-85DB-48D0-AA20-DF8B2B6F0997}.Release|Any CPU.ActiveCfg = Release|Any CPU
		{C49DA7BF-85DB-48D0-AA20-DF8B2B6F0997}.Release|Any CPU.Build.0 = Release|Any CPU
	EndGlobalSection
	GlobalSection(SolutionProperties) = preSolution
		HideSolutionNode = FALSE
	EndGlobalSection
	GlobalSection(ExtensibilityGlobals) = postSolution
		SolutionGuid = {6BC55DC4-BEA2-4718-83EE-19B957BB2739}
	EndGlobalSection
EndGlobal
